// !$*UTF8*$!
{
	archiveVersion = 1;
	classes = {
	};
	objectVersion = 56;
	objects = {

/* Begin PBXBuildFile section */
		4F0FE9572BC278C600884D34 /* StableDiffusion in Frameworks */ = {isa = PBXBuildFile; productRef = 4F0FE9562BC278C600884D34 /* StableDiffusion */; };
		534C5E1B2BD013670086CFC5 /* HideableView.swift in Sources */ = {isa = PBXBuildFile; fileRef = 534C5E1A2BD013670086CFC5 /* HideableView.swift */; };
		53BCDA712BCE1F6400F1CF78 /* mobile-sd in Resources */ = {isa = PBXBuildFile; fileRef = 53BCDA702BCE1F6400F1CF78 /* mobile-sd */; };
		53BCDAF32BCE863200F1CF78 /* BackgroundView.swift in Sources */ = {isa = PBXBuildFile; fileRef = 53BCDAE42BCE49F600F1CF78 /* BackgroundView.swift */; };
		53BCDAF42BCE863200F1CF78 /* MagicDrawerView.swift in Sources */ = {isa = PBXBuildFile; fileRef = 53BCDAE52BCE49F600F1CF78 /* MagicDrawerView.swift */; };
		53BCDAF52BCE863200F1CF78 /* GuidanceSelectorView.swift in Sources */ = {isa = PBXBuildFile; fileRef = 53BCDAD42BCE492700F1CF78 /* GuidanceSelectorView.swift */; };
		53BCDAF62BCE863200F1CF78 /* IterationsSelectorView.swift in Sources */ = {isa = PBXBuildFile; fileRef = 53BCDAD12BCE492700F1CF78 /* IterationsSelectorView.swift */; };
		53BCDAF72BCE863200F1CF78 /* ModelSelectorView.swift in Sources */ = {isa = PBXBuildFile; fileRef = 53BCDAD32BCE492700F1CF78 /* ModelSelectorView.swift */; };
		53BCDAF82BCE863200F1CF78 /* PromptFieldView.swift in Sources */ = {isa = PBXBuildFile; fileRef = 53BCDAD52BCE492700F1CF78 /* PromptFieldView.swift */; };
		53BCDAF92BCE863200F1CF78 /* RandomSeedSelectorView.swift in Sources */ = {isa = PBXBuildFile; fileRef = 53BCDAD22BCE492700F1CF78 /* RandomSeedSelectorView.swift */; };
		53BCDAFA2BCE863200F1CF78 /* StyleSelectorView.swift in Sources */ = {isa = PBXBuildFile; fileRef = 53BCDAD62BCE492700F1CF78 /* StyleSelectorView.swift */; };
		53BCDAFB2BCE863200F1CF78 /* DeskComponent.swift in Sources */ = {isa = PBXBuildFile; fileRef = 53BCDACF2BCE491900F1CF78 /* DeskComponent.swift */; };
		53BCDAFC2BCE863200F1CF78 /* AuroraView.swift in Sources */ = {isa = PBXBuildFile; fileRef = 53BCDA7E2BCE46F800F1CF78 /* AuroraView.swift */; };
		53BCDAFD2BCE863200F1CF78 /* ContentView.swift in Sources */ = {isa = PBXBuildFile; fileRef = 53BCDA7F2BCE46F800F1CF78 /* ContentView.swift */; };
		53BCDAFE2BCE863200F1CF78 /* DiffusionPipeline.swift in Sources */ = {isa = PBXBuildFile; fileRef = 53BCDA802BCE46F800F1CF78 /* DiffusionPipeline.swift */; };
		53BCDAFF2BCE863200F1CF78 /* DreamDrawerApp.swift in Sources */ = {isa = PBXBuildFile; fileRef = 53BCDA822BCE46F800F1CF78 /* DreamDrawerApp.swift */; };
		53BCDB002BCE863200F1CF78 /* ImageGenView.swift in Sources */ = {isa = PBXBuildFile; fileRef = 53BCDA832BCE46F800F1CF78 /* ImageGenView.swift */; };
		53BCDB012BCE863200F1CF78 /* PipelineInterface.swift in Sources */ = {isa = PBXBuildFile; fileRef = 53BCDA842BCE46F800F1CF78 /* PipelineInterface.swift */; };
		53BCDB022BCE863200F1CF78 /* StarryBackground.swift in Sources */ = {isa = PBXBuildFile; fileRef = 53BCDA852BCE46F800F1CF78 /* StarryBackground.swift */; };
		53BCDB042BCE863200F1CF78 /* Utilities.swift in Sources */ = {isa = PBXBuildFile; fileRef = 53BCDA872BCE46F800F1CF78 /* Utilities.swift */; };
		53BCDB052BCE87B500F1CF78 /* styles.json in Resources */ = {isa = PBXBuildFile; fileRef = 53BCDA862BCE46F800F1CF78 /* styles.json */; };
		53CD1EA12BCFC5780022000E /* Assets.xcassets in Resources */ = {isa = PBXBuildFile; fileRef = 53CD1E802BCFC5770022000E /* Assets.xcassets */; };
		53CD1EA22BCFC5780022000E /* GridView.swift in Sources */ = {isa = PBXBuildFile; fileRef = 53CD1E812BCFC5770022000E /* GridView.swift */; };
		53CD1EA32BCFC5780022000E /* DetailView.swift in Sources */ = {isa = PBXBuildFile; fileRef = 53CD1E822BCFC5770022000E /* DetailView.swift */; };
		53CD1EA42BCFC5780022000E /* ImageGalleryApp.swift in Sources */ = {isa = PBXBuildFile; fileRef = 53CD1E832BCFC5770022000E /* ImageGalleryApp.swift */; };
		53CD1EA52BCFC5780022000E /* Item.swift in Sources */ = {isa = PBXBuildFile; fileRef = 53CD1E842BCFC5770022000E /* Item.swift */; };
		53CD1EA62BCFC5780022000E /* PhotoPicker.swift in Sources */ = {isa = PBXBuildFile; fileRef = 53CD1E852BCFC5770022000E /* PhotoPicker.swift */; };
		53CD1EA72BCFC5780022000E /* GridItemView.swift in Sources */ = {isa = PBXBuildFile; fileRef = 53CD1E862BCFC5770022000E /* GridItemView.swift */; };
		53CD1EA82BCFC5780022000E /* FileManagerExtensions.swift in Sources */ = {isa = PBXBuildFile; fileRef = 53CD1E872BCFC5770022000E /* FileManagerExtensions.swift */; };
		53CD1EA92BCFC5780022000E /* ColumnStepper.swift in Sources */ = {isa = PBXBuildFile; fileRef = 53CD1E882BCFC5770022000E /* ColumnStepper.swift */; };
		53CD1EAA2BCFC5780022000E /* bobcat.jpg in Resources */ = {isa = PBXBuildFile; fileRef = 53CD1E892BCFC5780022000E /* bobcat.jpg */; };
		53CD1EAB2BCFC5780022000E /* bullElk.jpg in Resources */ = {isa = PBXBuildFile; fileRef = 53CD1E8A2BCFC5780022000E /* bullElk.jpg */; };
		53CD1EAC2BCFC5780022000E /* bullElkSparring.jpg in Resources */ = {isa = PBXBuildFile; fileRef = 53CD1E8B2BCFC5780022000E /* bullElkSparring.jpg */; };
		53CD1EAD2BCFC5780022000E /* bullTuleElkAndTwoFemales.jpg in Resources */ = {isa = PBXBuildFile; fileRef = 53CD1E8C2BCFC5780022000E /* bullTuleElkAndTwoFemales.jpg */; };
		53CD1EAE2BCFC5780022000E /* coyoteAndBison.jpg in Resources */ = {isa = PBXBuildFile; fileRef = 53CD1E8D2BCFC5780022000E /* coyoteAndBison.jpg */; };
		53CD1EAF2BCFC5780022000E /* doubleRainbowLowerMammoth.jpg in Resources */ = {isa = PBXBuildFile; fileRef = 53CD1E8E2BCFC5780022000E /* doubleRainbowLowerMammoth.jpg */; };
		53CD1EB02BCFC5780022000E /* doubleRainbowYellowstone.jpg in Resources */ = {isa = PBXBuildFile; fileRef = 53CD1E8F2BCFC5780022000E /* doubleRainbowYellowstone.jpg */; };
		53CD1EB12BCFC5780022000E /* grizzly.jpg in Resources */ = {isa = PBXBuildFile; fileRef = 53CD1E902BCFC5780022000E /* grizzly.jpg */; };
		53CD1EB32BCFC5780022000E /* groundSquirrel.jpg in Resources */ = {isa = PBXBuildFile; fileRef = 53CD1E922BCFC5780022000E /* groundSquirrel.jpg */; };
		53CD1EB42BCFC5780022000E /* harborSeal.jpg in Resources */ = {isa = PBXBuildFile; fileRef = 53CD1E932BCFC5780022000E /* harborSeal.jpg */; };
		53CD1EB52BCFC5780022000E /* harborSealPup.jpg in Resources */ = {isa = PBXBuildFile; fileRef = 53CD1E942BCFC5780022000E /* harborSealPup.jpg */; };
		53CD1EB62BCFC5780022000E /* heartSpring.jpg in Resources */ = {isa = PBXBuildFile; fileRef = 53CD1E952BCFC5780022000E /* heartSpring.jpg */; };
		53CD1EB72BCFC5780022000E /* newGrowthOfAntlers.jpg in Resources */ = {isa = PBXBuildFile; fileRef = 53CD1E962BCFC5780022000E /* newGrowthOfAntlers.jpg */; };
		53CD1EB82BCFC5780022000E /* owlsAtMammoth.jpg in Resources */ = {isa = PBXBuildFile; fileRef = 53CD1E972BCFC5780022000E /* owlsAtMammoth.jpg */; };
		53CD1EB92BCFC5780022000E /* rainbowAndBadlands.jpg in Resources */ = {isa = PBXBuildFile; fileRef = 53CD1E982BCFC5780022000E /* rainbowAndBadlands.jpg */; };
		53CD1EBA2BCFC5780022000E /* redTailedHawk.jpg in Resources */ = {isa = PBXBuildFile; fileRef = 53CD1E992BCFC5780022000E /* redTailedHawk.jpg */; };
		53CD1EBB2BCFC5780022000E /* riverOtter.jpg in Resources */ = {isa = PBXBuildFile; fileRef = 53CD1E9A2BCFC5780022000E /* riverOtter.jpg */; };
		53CD1EBC2BCFC5780022000E /* soaringTheRainbow.jpg in Resources */ = {isa = PBXBuildFile; fileRef = 53CD1E9B2BCFC5780022000E /* soaringTheRainbow.jpg */; };
		53CD1EBD2BCFC5780022000E /* sunriseAtGrottoGeyser.jpg in Resources */ = {isa = PBXBuildFile; fileRef = 53CD1E9C2BCFC5780022000E /* sunriseAtGrottoGeyser.jpg */; };
		53CD1EBE2BCFC5780022000E /* towerCreekBASIN.jpg in Resources */ = {isa = PBXBuildFile; fileRef = 53CD1E9D2BCFC5780022000E /* towerCreekBASIN.jpg */; };
		53CD1EBF2BCFC5780022000E /* yellowBelliedMarmot.jpg in Resources */ = {isa = PBXBuildFile; fileRef = 53CD1E9E2BCFC5780022000E /* yellowBelliedMarmot.jpg */; };
		53CD1EC02BCFC5780022000E /* DataModel.swift in Sources */ = {isa = PBXBuildFile; fileRef = 53CD1EA02BCFC5780022000E /* DataModel.swift */; };
		53CD1EC12BCFC5F10022000E /* tiny_abs_lcm in Resources */ = {isa = PBXBuildFile; fileRef = 53BCDB062BCE883800F1CF78 /* tiny_abs_lcm */; };
/* End PBXBuildFile section */

/* Begin PBXFileReference section */
		4FF77F652BAEBD120023BF14 /* DreamDrawer.app */ = {isa = PBXFileReference; explicitFileType = wrapper.application; includeInIndex = 0; path = DreamDrawer.app; sourceTree = BUILT_PRODUCTS_DIR; };
		534C5E172BD011130086CFC5 /* Inter.ttf */ = {isa = PBXFileReference; lastKnownFileType = file; path = Inter.ttf; sourceTree = "<group>"; };
		534C5E1A2BD013670086CFC5 /* HideableView.swift */ = {isa = PBXFileReference; lastKnownFileType = sourcecode.swift; path = HideableView.swift; sourceTree = "<group>"; };
		53BCDA702BCE1F6400F1CF78 /* mobile-sd */ = {isa = PBXFileReference; lastKnownFileType = wrapper; name = "mobile-sd"; path = "../mobile-sd"; sourceTree = "<group>"; };
		53BCDA742BCE46F800F1CF78 /* Preview Assets.xcassets */ = {isa = PBXFileReference; lastKnownFileType = folder.assetcatalog; path = "Preview Assets.xcassets"; sourceTree = "<group>"; };
		53BCDA762BCE46F800F1CF78 /* merges.txt */ = {isa = PBXFileReference; lastKnownFileType = text; path = merges.txt; sourceTree = "<group>"; };
		53BCDA772BCE46F800F1CF78 /* TextEncoder.mlmodelc */ = {isa = PBXFileReference; lastKnownFileType = wrapper; path = TextEncoder.mlmodelc; sourceTree = "<group>"; };
		53BCDA782BCE46F800F1CF78 /* Unet.mlmodelc */ = {isa = PBXFileReference; lastKnownFileType = wrapper; path = Unet.mlmodelc; sourceTree = "<group>"; };
		53BCDA792BCE46F800F1CF78 /* VAEDecoder.mlmodelc */ = {isa = PBXFileReference; lastKnownFileType = wrapper; path = VAEDecoder.mlmodelc; sourceTree = "<group>"; };
		53BCDA7A2BCE46F800F1CF78 /* VAEEncoder.mlmodelc */ = {isa = PBXFileReference; lastKnownFileType = wrapper; path = VAEEncoder.mlmodelc; sourceTree = "<group>"; };
		53BCDA7B2BCE46F800F1CF78 /* vocab.json */ = {isa = PBXFileReference; lastKnownFileType = text.json; path = vocab.json; sourceTree = "<group>"; };
		53BCDA7D2BCE46F800F1CF78 /* Assets.xcassets */ = {isa = PBXFileReference; lastKnownFileType = folder.assetcatalog; path = Assets.xcassets; sourceTree = "<group>"; };
		53BCDA7E2BCE46F800F1CF78 /* AuroraView.swift */ = {isa = PBXFileReference; lastKnownFileType = sourcecode.swift; path = AuroraView.swift; sourceTree = "<group>"; };
		53BCDA7F2BCE46F800F1CF78 /* ContentView.swift */ = {isa = PBXFileReference; lastKnownFileType = sourcecode.swift; path = ContentView.swift; sourceTree = "<group>"; };
		53BCDA802BCE46F800F1CF78 /* DiffusionPipeline.swift */ = {isa = PBXFileReference; lastKnownFileType = sourcecode.swift; path = DiffusionPipeline.swift; sourceTree = "<group>"; };
		53BCDA812BCE46F800F1CF78 /* DreamDrawer.entitlements */ = {isa = PBXFileReference; lastKnownFileType = text.plist.entitlements; path = DreamDrawer.entitlements; sourceTree = "<group>"; };
		53BCDA822BCE46F800F1CF78 /* DreamDrawerApp.swift */ = {isa = PBXFileReference; lastKnownFileType = sourcecode.swift; path = DreamDrawerApp.swift; sourceTree = "<group>"; };
		53BCDA832BCE46F800F1CF78 /* ImageGenView.swift */ = {isa = PBXFileReference; lastKnownFileType = sourcecode.swift; path = ImageGenView.swift; sourceTree = "<group>"; };
		53BCDA842BCE46F800F1CF78 /* PipelineInterface.swift */ = {isa = PBXFileReference; lastKnownFileType = sourcecode.swift; path = PipelineInterface.swift; sourceTree = "<group>"; };
		53BCDA852BCE46F800F1CF78 /* StarryBackground.swift */ = {isa = PBXFileReference; lastKnownFileType = sourcecode.swift; path = StarryBackground.swift; sourceTree = "<group>"; };
		53BCDA862BCE46F800F1CF78 /* styles.json */ = {isa = PBXFileReference; lastKnownFileType = text.json; path = styles.json; sourceTree = "<group>"; };
		53BCDA872BCE46F800F1CF78 /* Utilities.swift */ = {isa = PBXFileReference; lastKnownFileType = sourcecode.swift; path = Utilities.swift; sourceTree = "<group>"; };
		53BCDA892BCE46F800F1CF78 /* .gitignore */ = {isa = PBXFileReference; lastKnownFileType = text; path = .gitignore; sourceTree = "<group>"; };
		53BCDA8A2BCE46F800F1CF78 /* DreamDrawer.xcodeproj */ = {isa = PBXFileReference; lastKnownFileType = "wrapper.pb-project"; path = DreamDrawer.xcodeproj; sourceTree = "<group>"; };
		53BCDA8B2BCE46F800F1CF78 /* README.md */ = {isa = PBXFileReference; lastKnownFileType = net.daringfireball.markdown; path = README.md; sourceTree = "<group>"; };
		53BCDACF2BCE491900F1CF78 /* DeskComponent.swift */ = {isa = PBXFileReference; fileEncoding = 4; lastKnownFileType = sourcecode.swift; path = DeskComponent.swift; sourceTree = "<group>"; };
		53BCDAD12BCE492700F1CF78 /* IterationsSelectorView.swift */ = {isa = PBXFileReference; fileEncoding = 4; lastKnownFileType = sourcecode.swift; path = IterationsSelectorView.swift; sourceTree = "<group>"; };
		53BCDAD22BCE492700F1CF78 /* RandomSeedSelectorView.swift */ = {isa = PBXFileReference; fileEncoding = 4; lastKnownFileType = sourcecode.swift; path = RandomSeedSelectorView.swift; sourceTree = "<group>"; };
		53BCDAD32BCE492700F1CF78 /* ModelSelectorView.swift */ = {isa = PBXFileReference; fileEncoding = 4; lastKnownFileType = sourcecode.swift; path = ModelSelectorView.swift; sourceTree = "<group>"; };
		53BCDAD42BCE492700F1CF78 /* GuidanceSelectorView.swift */ = {isa = PBXFileReference; fileEncoding = 4; lastKnownFileType = sourcecode.swift; path = GuidanceSelectorView.swift; sourceTree = "<group>"; };
		53BCDAD52BCE492700F1CF78 /* PromptFieldView.swift */ = {isa = PBXFileReference; fileEncoding = 4; lastKnownFileType = sourcecode.swift; path = PromptFieldView.swift; sourceTree = "<group>"; };
		53BCDAD62BCE492700F1CF78 /* StyleSelectorView.swift */ = {isa = PBXFileReference; fileEncoding = 4; lastKnownFileType = sourcecode.swift; path = StyleSelectorView.swift; sourceTree = "<group>"; };
		53BCDAE42BCE49F600F1CF78 /* BackgroundView.swift */ = {isa = PBXFileReference; fileEncoding = 4; lastKnownFileType = sourcecode.swift; path = BackgroundView.swift; sourceTree = "<group>"; };
		53BCDAE52BCE49F600F1CF78 /* MagicDrawerView.swift */ = {isa = PBXFileReference; fileEncoding = 4; lastKnownFileType = sourcecode.swift; path = MagicDrawerView.swift; sourceTree = "<group>"; };
		53BCDAEC2BCE802C00F1CF78 /* Info.plist */ = {isa = PBXFileReference; lastKnownFileType = text.plist; name = Info.plist; path = DreamDrawer/Info.plist; sourceTree = "<group>"; };
		53BCDB062BCE883800F1CF78 /* tiny_abs_lcm */ = {isa = PBXFileReference; lastKnownFileType = folder; path = tiny_abs_lcm; sourceTree = "<group>"; };
		53CD1E802BCFC5770022000E /* Assets.xcassets */ = {isa = PBXFileReference; lastKnownFileType = folder.assetcatalog; path = Assets.xcassets; sourceTree = "<group>"; };
		53CD1E812BCFC5770022000E /* GridView.swift */ = {isa = PBXFileReference; fileEncoding = 4; lastKnownFileType = sourcecode.swift; path = GridView.swift; sourceTree = "<group>"; };
		53CD1E822BCFC5770022000E /* DetailView.swift */ = {isa = PBXFileReference; fileEncoding = 4; lastKnownFileType = sourcecode.swift; path = DetailView.swift; sourceTree = "<group>"; };
		53CD1E832BCFC5770022000E /* ImageGalleryApp.swift */ = {isa = PBXFileReference; fileEncoding = 4; lastKnownFileType = sourcecode.swift; path = ImageGalleryApp.swift; sourceTree = "<group>"; };
		53CD1E842BCFC5770022000E /* Item.swift */ = {isa = PBXFileReference; fileEncoding = 4; lastKnownFileType = sourcecode.swift; path = Item.swift; sourceTree = "<group>"; };
		53CD1E852BCFC5770022000E /* PhotoPicker.swift */ = {isa = PBXFileReference; fileEncoding = 4; lastKnownFileType = sourcecode.swift; path = PhotoPicker.swift; sourceTree = "<group>"; };
		53CD1E862BCFC5770022000E /* GridItemView.swift */ = {isa = PBXFileReference; fileEncoding = 4; lastKnownFileType = sourcecode.swift; path = GridItemView.swift; sourceTree = "<group>"; };
		53CD1E872BCFC5770022000E /* FileManagerExtensions.swift */ = {isa = PBXFileReference; fileEncoding = 4; lastKnownFileType = sourcecode.swift; path = FileManagerExtensions.swift; sourceTree = "<group>"; };
		53CD1E882BCFC5770022000E /* ColumnStepper.swift */ = {isa = PBXFileReference; fileEncoding = 4; lastKnownFileType = sourcecode.swift; path = ColumnStepper.swift; sourceTree = "<group>"; };
		53CD1E892BCFC5780022000E /* bobcat.jpg */ = {isa = PBXFileReference; lastKnownFileType = image.jpeg; path = bobcat.jpg; sourceTree = "<group>"; };
		53CD1E8A2BCFC5780022000E /* bullElk.jpg */ = {isa = PBXFileReference; lastKnownFileType = image.jpeg; path = bullElk.jpg; sourceTree = "<group>"; };
		53CD1E8B2BCFC5780022000E /* bullElkSparring.jpg */ = {isa = PBXFileReference; lastKnownFileType = image.jpeg; path = bullElkSparring.jpg; sourceTree = "<group>"; };
		53CD1E8C2BCFC5780022000E /* bullTuleElkAndTwoFemales.jpg */ = {isa = PBXFileReference; lastKnownFileType = image.jpeg; path = bullTuleElkAndTwoFemales.jpg; sourceTree = "<group>"; };
		53CD1E8D2BCFC5780022000E /* coyoteAndBison.jpg */ = {isa = PBXFileReference; lastKnownFileType = image.jpeg; path = coyoteAndBison.jpg; sourceTree = "<group>"; };
		53CD1E8E2BCFC5780022000E /* doubleRainbowLowerMammoth.jpg */ = {isa = PBXFileReference; lastKnownFileType = image.jpeg; path = doubleRainbowLowerMammoth.jpg; sourceTree = "<group>"; };
		53CD1E8F2BCFC5780022000E /* doubleRainbowYellowstone.jpg */ = {isa = PBXFileReference; lastKnownFileType = image.jpeg; path = doubleRainbowYellowstone.jpg; sourceTree = "<group>"; };
		53CD1E902BCFC5780022000E /* grizzly.jpg */ = {isa = PBXFileReference; lastKnownFileType = image.jpeg; path = grizzly.jpg; sourceTree = "<group>"; };
		53CD1E912BCFC5780022000E /* grizzlyCubs.jpg */ = {isa = PBXFileReference; lastKnownFileType = image.jpeg; path = grizzlyCubs.jpg; sourceTree = "<group>"; };
		53CD1E922BCFC5780022000E /* groundSquirrel.jpg */ = {isa = PBXFileReference; lastKnownFileType = image.jpeg; path = groundSquirrel.jpg; sourceTree = "<group>"; };
		53CD1E932BCFC5780022000E /* harborSeal.jpg */ = {isa = PBXFileReference; lastKnownFileType = image.jpeg; path = harborSeal.jpg; sourceTree = "<group>"; };
		53CD1E942BCFC5780022000E /* harborSealPup.jpg */ = {isa = PBXFileReference; lastKnownFileType = image.jpeg; path = harborSealPup.jpg; sourceTree = "<group>"; };
		53CD1E952BCFC5780022000E /* heartSpring.jpg */ = {isa = PBXFileReference; lastKnownFileType = image.jpeg; path = heartSpring.jpg; sourceTree = "<group>"; };
		53CD1E962BCFC5780022000E /* newGrowthOfAntlers.jpg */ = {isa = PBXFileReference; lastKnownFileType = image.jpeg; path = newGrowthOfAntlers.jpg; sourceTree = "<group>"; };
		53CD1E972BCFC5780022000E /* owlsAtMammoth.jpg */ = {isa = PBXFileReference; lastKnownFileType = image.jpeg; path = owlsAtMammoth.jpg; sourceTree = "<group>"; };
		53CD1E982BCFC5780022000E /* rainbowAndBadlands.jpg */ = {isa = PBXFileReference; lastKnownFileType = image.jpeg; path = rainbowAndBadlands.jpg; sourceTree = "<group>"; };
		53CD1E992BCFC5780022000E /* redTailedHawk.jpg */ = {isa = PBXFileReference; lastKnownFileType = image.jpeg; path = redTailedHawk.jpg; sourceTree = "<group>"; };
		53CD1E9A2BCFC5780022000E /* riverOtter.jpg */ = {isa = PBXFileReference; lastKnownFileType = image.jpeg; path = riverOtter.jpg; sourceTree = "<group>"; };
		53CD1E9B2BCFC5780022000E /* soaringTheRainbow.jpg */ = {isa = PBXFileReference; lastKnownFileType = image.jpeg; path = soaringTheRainbow.jpg; sourceTree = "<group>"; };
		53CD1E9C2BCFC5780022000E /* sunriseAtGrottoGeyser.jpg */ = {isa = PBXFileReference; lastKnownFileType = image.jpeg; path = sunriseAtGrottoGeyser.jpg; sourceTree = "<group>"; };
		53CD1E9D2BCFC5780022000E /* towerCreekBASIN.jpg */ = {isa = PBXFileReference; lastKnownFileType = image.jpeg; path = towerCreekBASIN.jpg; sourceTree = "<group>"; };
		53CD1E9E2BCFC5780022000E /* yellowBelliedMarmot.jpg */ = {isa = PBXFileReference; lastKnownFileType = image.jpeg; path = yellowBelliedMarmot.jpg; sourceTree = "<group>"; };
		53CD1EA02BCFC5780022000E /* DataModel.swift */ = {isa = PBXFileReference; fileEncoding = 4; lastKnownFileType = sourcecode.swift; path = DataModel.swift; sourceTree = "<group>"; };
/* End PBXFileReference section */

/* Begin PBXFrameworksBuildPhase section */
		4FF77F622BAEBD120023BF14 /* Frameworks */ = {
			isa = PBXFrameworksBuildPhase;
			buildActionMask = 2147483647;
			files = (
				4F0FE9572BC278C600884D34 /* StableDiffusion in Frameworks */,
			);
			runOnlyForDeploymentPostprocessing = 0;
		};
/* End PBXFrameworksBuildPhase section */

/* Begin PBXGroup section */
		4FF77F5C2BAEBD120023BF14 = {
			isa = PBXGroup;
			children = (
				53BCDA8C2BCE46F800F1CF78 /* DreamDrawer */,
				53BCDA702BCE1F6400F1CF78 /* mobile-sd */,
				4FF77F662BAEBD120023BF14 /* Products */,
			);
			sourceTree = "<group>";
		};
		4FF77F662BAEBD120023BF14 /* Products */ = {
			isa = PBXGroup;
			children = (
				4FF77F652BAEBD120023BF14 /* DreamDrawer.app */,
			);
			name = Products;
			sourceTree = "<group>";
		};
		534C5E182BD011B80086CFC5 /* Fonts */ = {
			isa = PBXGroup;
			children = (
				534C5E172BD011130086CFC5 /* Inter.ttf */,
			);
			path = Fonts;
			sourceTree = "<group>";
		};
		53BCDA752BCE46F800F1CF78 /* Preview Content */ = {
			isa = PBXGroup;
			children = (
				53BCDA742BCE46F800F1CF78 /* Preview Assets.xcassets */,
			);
			path = "Preview Content";
			sourceTree = "<group>";
		};
		53BCDA7C2BCE46F800F1CF78 /* tiny_abs_lcm */ = {
			isa = PBXGroup;
			children = (
				53BCDB062BCE883800F1CF78 /* tiny_abs_lcm */,
				53BCDA762BCE46F800F1CF78 /* merges.txt */,
				53BCDA772BCE46F800F1CF78 /* TextEncoder.mlmodelc */,
				53BCDA782BCE46F800F1CF78 /* Unet.mlmodelc */,
				53BCDA792BCE46F800F1CF78 /* VAEDecoder.mlmodelc */,
				53BCDA7A2BCE46F800F1CF78 /* VAEEncoder.mlmodelc */,
				53BCDA7B2BCE46F800F1CF78 /* vocab.json */,
			);
			path = tiny_abs_lcm;
			sourceTree = "<group>";
		};
		53BCDA882BCE46F800F1CF78 /* DreamDrawer */ = {
			isa = PBXGroup;
			children = (
				53CD1E7F2BCFC5320022000E /* imagepicker */,
				53BCDAE42BCE49F600F1CF78 /* BackgroundView.swift */,
				53BCDAE52BCE49F600F1CF78 /* MagicDrawerView.swift */,
				53BCDAD42BCE492700F1CF78 /* GuidanceSelectorView.swift */,
				534C5E1A2BD013670086CFC5 /* HideableView.swift */,
				53BCDAD12BCE492700F1CF78 /* IterationsSelectorView.swift */,
				53BCDAD32BCE492700F1CF78 /* ModelSelectorView.swift */,
				53BCDAD52BCE492700F1CF78 /* PromptFieldView.swift */,
				53BCDAD22BCE492700F1CF78 /* RandomSeedSelectorView.swift */,
				53BCDAD62BCE492700F1CF78 /* StyleSelectorView.swift */,
				53BCDACF2BCE491900F1CF78 /* DeskComponent.swift */,
				53BCDA752BCE46F800F1CF78 /* Preview Content */,
				53BCDA7C2BCE46F800F1CF78 /* tiny_abs_lcm */,
				53BCDA7D2BCE46F800F1CF78 /* Assets.xcassets */,
				53BCDA7E2BCE46F800F1CF78 /* AuroraView.swift */,
				53BCDA7F2BCE46F800F1CF78 /* ContentView.swift */,
				53BCDA802BCE46F800F1CF78 /* DiffusionPipeline.swift */,
				53BCDA812BCE46F800F1CF78 /* DreamDrawer.entitlements */,
				53BCDA822BCE46F800F1CF78 /* DreamDrawerApp.swift */,
				53BCDA832BCE46F800F1CF78 /* ImageGenView.swift */,
				53BCDA842BCE46F800F1CF78 /* PipelineInterface.swift */,
				53BCDA852BCE46F800F1CF78 /* StarryBackground.swift */,
				53BCDA862BCE46F800F1CF78 /* styles.json */,
				53BCDA872BCE46F800F1CF78 /* Utilities.swift */,
			);
			path = DreamDrawer;
			sourceTree = "<group>";
		};
		53BCDA8C2BCE46F800F1CF78 /* DreamDrawer */ = {
			isa = PBXGroup;
			children = (
				534C5E182BD011B80086CFC5 /* Fonts */,
				53BCDAEC2BCE802C00F1CF78 /* Info.plist */,
				53BCDA882BCE46F800F1CF78 /* DreamDrawer */,
				53BCDA892BCE46F800F1CF78 /* .gitignore */,
				53BCDA8A2BCE46F800F1CF78 /* DreamDrawer.xcodeproj */,
				53BCDA8B2BCE46F800F1CF78 /* README.md */,
			);
			name = DreamDrawer;
			sourceTree = "<group>";
		};
		53BCDA8D2BCE46F800F1CF78 /* Products */ = {
			isa = PBXGroup;
			name = Products;
			sourceTree = "<group>";
		};
		53CD1E7F2BCFC5320022000E /* imagepicker */ = {
			isa = PBXGroup;
			children = (
				53CD1E802BCFC5770022000E /* Assets.xcassets */,
				53CD1E882BCFC5770022000E /* ColumnStepper.swift */,
				53CD1EA02BCFC5780022000E /* DataModel.swift */,
				53CD1E822BCFC5770022000E /* DetailView.swift */,
				53CD1E872BCFC5770022000E /* FileManagerExtensions.swift */,
				53CD1E862BCFC5770022000E /* GridItemView.swift */,
				53CD1E812BCFC5770022000E /* GridView.swift */,
				53CD1E832BCFC5770022000E /* ImageGalleryApp.swift */,
				53CD1E842BCFC5770022000E /* Item.swift */,
				53CD1E852BCFC5770022000E /* PhotoPicker.swift */,
				53CD1E9F2BCFC5780022000E /* Resources */,
			);
			path = imagepicker;
			sourceTree = "<group>";
		};
		53CD1E9F2BCFC5780022000E /* Resources */ = {
			isa = PBXGroup;
			children = (
				53CD1E892BCFC5780022000E /* bobcat.jpg */,
				53CD1E8A2BCFC5780022000E /* bullElk.jpg */,
				53CD1E8B2BCFC5780022000E /* bullElkSparring.jpg */,
				53CD1E8C2BCFC5780022000E /* bullTuleElkAndTwoFemales.jpg */,
				53CD1E8D2BCFC5780022000E /* coyoteAndBison.jpg */,
				53CD1E8E2BCFC5780022000E /* doubleRainbowLowerMammoth.jpg */,
				53CD1E8F2BCFC5780022000E /* doubleRainbowYellowstone.jpg */,
				53CD1E902BCFC5780022000E /* grizzly.jpg */,
				53CD1E912BCFC5780022000E /* grizzlyCubs.jpg */,
				53CD1E922BCFC5780022000E /* groundSquirrel.jpg */,
				53CD1E932BCFC5780022000E /* harborSeal.jpg */,
				53CD1E942BCFC5780022000E /* harborSealPup.jpg */,
				53CD1E952BCFC5780022000E /* heartSpring.jpg */,
				53CD1E962BCFC5780022000E /* newGrowthOfAntlers.jpg */,
				53CD1E972BCFC5780022000E /* owlsAtMammoth.jpg */,
				53CD1E982BCFC5780022000E /* rainbowAndBadlands.jpg */,
				53CD1E992BCFC5780022000E /* redTailedHawk.jpg */,
				53CD1E9A2BCFC5780022000E /* riverOtter.jpg */,
				53CD1E9B2BCFC5780022000E /* soaringTheRainbow.jpg */,
				53CD1E9C2BCFC5780022000E /* sunriseAtGrottoGeyser.jpg */,
				53CD1E9D2BCFC5780022000E /* towerCreekBASIN.jpg */,
				53CD1E9E2BCFC5780022000E /* yellowBelliedMarmot.jpg */,
			);
			path = Resources;
			sourceTree = "<group>";
		};
/* End PBXGroup section */

/* Begin PBXNativeTarget section */
		4FF77F642BAEBD120023BF14 /* DreamDrawer */ = {
			isa = PBXNativeTarget;
			buildConfigurationList = 4FF77F742BAEBD130023BF14 /* Build configuration list for PBXNativeTarget "DreamDrawer" */;
			buildPhases = (
				4FF77F612BAEBD120023BF14 /* Sources */,
				4FF77F622BAEBD120023BF14 /* Frameworks */,
				4FF77F632BAEBD120023BF14 /* Resources */,
			);
			buildRules = (
			);
			dependencies = (
				53BCDA732BCE1F7700F1CF78 /* PBXTargetDependency */,
			);
			name = DreamDrawer;
			packageProductDependencies = (
				4F0FE9562BC278C600884D34 /* StableDiffusion */,
			);
			productName = DreamDrawer;
			productReference = 4FF77F652BAEBD120023BF14 /* DreamDrawer.app */;
			productType = "com.apple.product-type.application";
		};
/* End PBXNativeTarget section */

/* Begin PBXProject section */
		4FF77F5D2BAEBD120023BF14 /* Project object */ = {
			isa = PBXProject;
			attributes = {
				BuildIndependentTargetsInParallel = 1;
				LastSwiftUpdateCheck = 1530;
				LastUpgradeCheck = 1530;
				TargetAttributes = {
					4FF77F642BAEBD120023BF14 = {
						CreatedOnToolsVersion = 15.3;
					};
				};
			};
			buildConfigurationList = 4FF77F602BAEBD120023BF14 /* Build configuration list for PBXProject "DreamDrawer" */;
			compatibilityVersion = "Xcode 14.0";
			developmentRegion = en;
			hasScannedForEncodings = 0;
			knownRegions = (
				en,
				Base,
			);
			mainGroup = 4FF77F5C2BAEBD120023BF14;
			packageReferences = (
				4F0FE9552BC278C600884D34 /* XCRemoteSwiftPackageReference "mobile-sd" */,
			);
			productRefGroup = 4FF77F662BAEBD120023BF14 /* Products */;
			projectDirPath = "";
			projectReferences = (
				{
					ProductGroup = 53BCDA8D2BCE46F800F1CF78 /* Products */;
					ProjectRef = 53BCDA8A2BCE46F800F1CF78 /* DreamDrawer.xcodeproj */;
				},
			);
			projectRoot = "";
			targets = (
				4FF77F642BAEBD120023BF14 /* DreamDrawer */,
			);
		};
/* End PBXProject section */

/* Begin PBXResourcesBuildPhase section */
		4FF77F632BAEBD120023BF14 /* Resources */ = {
			isa = PBXResourcesBuildPhase;
			buildActionMask = 2147483647;
			files = (
				53CD1EC12BCFC5F10022000E /* tiny_abs_lcm in Resources */,
				53CD1EBA2BCFC5780022000E /* redTailedHawk.jpg in Resources */,
				53CD1EB72BCFC5780022000E /* newGrowthOfAntlers.jpg in Resources */,
				53CD1EAC2BCFC5780022000E /* bullElkSparring.jpg in Resources */,
				53CD1EB12BCFC5780022000E /* grizzly.jpg in Resources */,
				53CD1EBD2BCFC5780022000E /* sunriseAtGrottoGeyser.jpg in Resources */,
				53CD1EB62BCFC5780022000E /* heartSpring.jpg in Resources */,
				53CD1EB82BCFC5780022000E /* owlsAtMammoth.jpg in Resources */,
				53CD1EAA2BCFC5780022000E /* bobcat.jpg in Resources */,
				53CD1EBE2BCFC5780022000E /* towerCreekBASIN.jpg in Resources */,
				53CD1EAE2BCFC5780022000E /* coyoteAndBison.jpg in Resources */,
				53CD1EB92BCFC5780022000E /* rainbowAndBadlands.jpg in Resources */,
				53CD1EBF2BCFC5780022000E /* yellowBelliedMarmot.jpg in Resources */,
				53CD1EAD2BCFC5780022000E /* bullTuleElkAndTwoFemales.jpg in Resources */,
				53CD1EB32BCFC5780022000E /* groundSquirrel.jpg in Resources */,
				53CD1EBB2BCFC5780022000E /* riverOtter.jpg in Resources */,
				53CD1EB52BCFC5780022000E /* harborSealPup.jpg in Resources */,
				53CD1EB02BCFC5780022000E /* doubleRainbowYellowstone.jpg in Resources */,
				53BCDB052BCE87B500F1CF78 /* styles.json in Resources */,
				53CD1EA12BCFC5780022000E /* Assets.xcassets in Resources */,
				53CD1EAF2BCFC5780022000E /* doubleRainbowLowerMammoth.jpg in Resources */,
				53CD1EBC2BCFC5780022000E /* soaringTheRainbow.jpg in Resources */,
				53BCDA712BCE1F6400F1CF78 /* mobile-sd in Resources */,
				53CD1EAB2BCFC5780022000E /* bullElk.jpg in Resources */,
				53CD1EB42BCFC5780022000E /* harborSeal.jpg in Resources */,
			);
			runOnlyForDeploymentPostprocessing = 0;
		};
/* End PBXResourcesBuildPhase section */

/* Begin PBXSourcesBuildPhase section */
		4FF77F612BAEBD120023BF14 /* Sources */ = {
			isa = PBXSourcesBuildPhase;
			buildActionMask = 2147483647;
			files = (
				53CD1EA42BCFC5780022000E /* ImageGalleryApp.swift in Sources */,
				53BCDAF32BCE863200F1CF78 /* BackgroundView.swift in Sources */,
				53BCDAF42BCE863200F1CF78 /* MagicDrawerView.swift in Sources */,
				53BCDAF52BCE863200F1CF78 /* GuidanceSelectorView.swift in Sources */,
				53CD1EA52BCFC5780022000E /* Item.swift in Sources */,
				53BCDAF62BCE863200F1CF78 /* IterationsSelectorView.swift in Sources */,
				53BCDAF72BCE863200F1CF78 /* ModelSelectorView.swift in Sources */,
				53BCDAF82BCE863200F1CF78 /* PromptFieldView.swift in Sources */,
				53BCDAF92BCE863200F1CF78 /* RandomSeedSelectorView.swift in Sources */,
				53BCDAFA2BCE863200F1CF78 /* StyleSelectorView.swift in Sources */,
				53BCDAFB2BCE863200F1CF78 /* DeskComponent.swift in Sources */,
				53BCDAFC2BCE863200F1CF78 /* AuroraView.swift in Sources */,
				53CD1EA62BCFC5780022000E /* PhotoPicker.swift in Sources */,
				53BCDAFD2BCE863200F1CF78 /* ContentView.swift in Sources */,
				53BCDAFE2BCE863200F1CF78 /* DiffusionPipeline.swift in Sources */,
				53CD1EA72BCFC5780022000E /* GridItemView.swift in Sources */,
				53BCDAFF2BCE863200F1CF78 /* DreamDrawerApp.swift in Sources */,
				53CD1EA82BCFC5780022000E /* FileManagerExtensions.swift in Sources */,
				53BCDB002BCE863200F1CF78 /* ImageGenView.swift in Sources */,
				53CD1EC02BCFC5780022000E /* DataModel.swift in Sources */,
				534C5E1B2BD013670086CFC5 /* HideableView.swift in Sources */,
				53BCDB012BCE863200F1CF78 /* PipelineInterface.swift in Sources */,
				53BCDB022BCE863200F1CF78 /* StarryBackground.swift in Sources */,
				53CD1EA32BCFC5780022000E /* DetailView.swift in Sources */,
				53CD1EA22BCFC5780022000E /* GridView.swift in Sources */,
				53BCDB042BCE863200F1CF78 /* Utilities.swift in Sources */,
				53CD1EA92BCFC5780022000E /* ColumnStepper.swift in Sources */,
			);
			runOnlyForDeploymentPostprocessing = 0;
		};
/* End PBXSourcesBuildPhase section */

/* Begin PBXTargetDependency section */
		53BCDA732BCE1F7700F1CF78 /* PBXTargetDependency */ = {
			isa = PBXTargetDependency;
			productRef = 53BCDA722BCE1F7700F1CF78 /* StableDiffusion */;
		};
/* End PBXTargetDependency section */

/* Begin XCBuildConfiguration section */
		4FF77F722BAEBD130023BF14 /* Debug */ = {
			isa = XCBuildConfiguration;
			buildSettings = {
				ALWAYS_SEARCH_USER_PATHS = NO;
				ASSETCATALOG_COMPILER_GENERATE_SWIFT_ASSET_SYMBOL_EXTENSIONS = YES;
				CLANG_ANALYZER_NONNULL = YES;
				CLANG_ANALYZER_NUMBER_OBJECT_CONVERSION = YES_AGGRESSIVE;
				CLANG_CXX_LANGUAGE_STANDARD = "gnu++20";
				CLANG_ENABLE_MODULES = YES;
				CLANG_ENABLE_OBJC_ARC = YES;
				CLANG_ENABLE_OBJC_WEAK = YES;
				CLANG_WARN_BLOCK_CAPTURE_AUTORELEASING = YES;
				CLANG_WARN_BOOL_CONVERSION = YES;
				CLANG_WARN_COMMA = YES;
				CLANG_WARN_CONSTANT_CONVERSION = YES;
				CLANG_WARN_DEPRECATED_OBJC_IMPLEMENTATIONS = YES;
				CLANG_WARN_DIRECT_OBJC_ISA_USAGE = YES_ERROR;
				CLANG_WARN_DOCUMENTATION_COMMENTS = YES;
				CLANG_WARN_EMPTY_BODY = YES;
				CLANG_WARN_ENUM_CONVERSION = YES;
				CLANG_WARN_INFINITE_RECURSION = YES;
				CLANG_WARN_INT_CONVERSION = YES;
				CLANG_WARN_NON_LITERAL_NULL_CONVERSION = YES;
				CLANG_WARN_OBJC_IMPLICIT_RETAIN_SELF = YES;
				CLANG_WARN_OBJC_LITERAL_CONVERSION = YES;
				CLANG_WARN_OBJC_ROOT_CLASS = YES_ERROR;
				CLANG_WARN_QUOTED_INCLUDE_IN_FRAMEWORK_HEADER = YES;
				CLANG_WARN_RANGE_LOOP_ANALYSIS = YES;
				CLANG_WARN_STRICT_PROTOTYPES = YES;
				CLANG_WARN_SUSPICIOUS_MOVE = YES;
				CLANG_WARN_UNGUARDED_AVAILABILITY = YES_AGGRESSIVE;
				CLANG_WARN_UNREACHABLE_CODE = YES;
				CLANG_WARN__DUPLICATE_METHOD_MATCH = YES;
				COPY_PHASE_STRIP = NO;
				DEBUG_INFORMATION_FORMAT = dwarf;
				ENABLE_STRICT_OBJC_MSGSEND = YES;
				ENABLE_TESTABILITY = YES;
				ENABLE_USER_SCRIPT_SANDBOXING = YES;
				GCC_C_LANGUAGE_STANDARD = gnu17;
				GCC_DYNAMIC_NO_PIC = NO;
				GCC_NO_COMMON_BLOCKS = YES;
				GCC_OPTIMIZATION_LEVEL = 0;
				GCC_PREPROCESSOR_DEFINITIONS = (
					"DEBUG=1",
					"$(inherited)",
				);
				GCC_WARN_64_TO_32_BIT_CONVERSION = YES;
				GCC_WARN_ABOUT_RETURN_TYPE = YES_ERROR;
				GCC_WARN_UNDECLARED_SELECTOR = YES;
				GCC_WARN_UNINITIALIZED_AUTOS = YES_AGGRESSIVE;
				GCC_WARN_UNUSED_FUNCTION = YES;
				GCC_WARN_UNUSED_VARIABLE = YES;
				IPHONEOS_DEPLOYMENT_TARGET = 17.2;
				LOCALIZATION_PREFERS_STRING_CATALOGS = YES;
				MACOSX_DEPLOYMENT_TARGET = 14.2;
				MTL_ENABLE_DEBUG_INFO = INCLUDE_SOURCE;
				MTL_FAST_MATH = YES;
				ONLY_ACTIVE_ARCH = YES;
				SWIFT_ACTIVE_COMPILATION_CONDITIONS = "DEBUG $(inherited)";
				SWIFT_OPTIMIZATION_LEVEL = "-Onone";
			};
			name = Debug;
		};
		4FF77F732BAEBD130023BF14 /* Release */ = {
			isa = XCBuildConfiguration;
			buildSettings = {
				ALWAYS_SEARCH_USER_PATHS = NO;
				ASSETCATALOG_COMPILER_GENERATE_SWIFT_ASSET_SYMBOL_EXTENSIONS = YES;
				CLANG_ANALYZER_NONNULL = YES;
				CLANG_ANALYZER_NUMBER_OBJECT_CONVERSION = YES_AGGRESSIVE;
				CLANG_CXX_LANGUAGE_STANDARD = "gnu++20";
				CLANG_ENABLE_MODULES = YES;
				CLANG_ENABLE_OBJC_ARC = YES;
				CLANG_ENABLE_OBJC_WEAK = YES;
				CLANG_WARN_BLOCK_CAPTURE_AUTORELEASING = YES;
				CLANG_WARN_BOOL_CONVERSION = YES;
				CLANG_WARN_COMMA = YES;
				CLANG_WARN_CONSTANT_CONVERSION = YES;
				CLANG_WARN_DEPRECATED_OBJC_IMPLEMENTATIONS = YES;
				CLANG_WARN_DIRECT_OBJC_ISA_USAGE = YES_ERROR;
				CLANG_WARN_DOCUMENTATION_COMMENTS = YES;
				CLANG_WARN_EMPTY_BODY = YES;
				CLANG_WARN_ENUM_CONVERSION = YES;
				CLANG_WARN_INFINITE_RECURSION = YES;
				CLANG_WARN_INT_CONVERSION = YES;
				CLANG_WARN_NON_LITERAL_NULL_CONVERSION = YES;
				CLANG_WARN_OBJC_IMPLICIT_RETAIN_SELF = YES;
				CLANG_WARN_OBJC_LITERAL_CONVERSION = YES;
				CLANG_WARN_OBJC_ROOT_CLASS = YES_ERROR;
				CLANG_WARN_QUOTED_INCLUDE_IN_FRAMEWORK_HEADER = YES;
				CLANG_WARN_RANGE_LOOP_ANALYSIS = YES;
				CLANG_WARN_STRICT_PROTOTYPES = YES;
				CLANG_WARN_SUSPICIOUS_MOVE = YES;
				CLANG_WARN_UNGUARDED_AVAILABILITY = YES_AGGRESSIVE;
				CLANG_WARN_UNREACHABLE_CODE = YES;
				CLANG_WARN__DUPLICATE_METHOD_MATCH = YES;
				COPY_PHASE_STRIP = NO;
				DEBUG_INFORMATION_FORMAT = "dwarf-with-dsym";
				ENABLE_NS_ASSERTIONS = NO;
				ENABLE_STRICT_OBJC_MSGSEND = YES;
				ENABLE_USER_SCRIPT_SANDBOXING = YES;
				GCC_C_LANGUAGE_STANDARD = gnu17;
				GCC_NO_COMMON_BLOCKS = YES;
				GCC_WARN_64_TO_32_BIT_CONVERSION = YES;
				GCC_WARN_ABOUT_RETURN_TYPE = YES_ERROR;
				GCC_WARN_UNDECLARED_SELECTOR = YES;
				GCC_WARN_UNINITIALIZED_AUTOS = YES_AGGRESSIVE;
				GCC_WARN_UNUSED_FUNCTION = YES;
				GCC_WARN_UNUSED_VARIABLE = YES;
				IPHONEOS_DEPLOYMENT_TARGET = 17.2;
				LOCALIZATION_PREFERS_STRING_CATALOGS = YES;
				MACOSX_DEPLOYMENT_TARGET = 14.2;
				MTL_ENABLE_DEBUG_INFO = NO;
				MTL_FAST_MATH = YES;
				SWIFT_COMPILATION_MODE = wholemodule;
			};
			name = Release;
		};
		4FF77F752BAEBD130023BF14 /* Debug */ = {
			isa = XCBuildConfiguration;
			buildSettings = {
				ASSETCATALOG_COMPILER_APPICON_NAME = AppIcon;
				ASSETCATALOG_COMPILER_GLOBAL_ACCENT_COLOR_NAME = AccentColor;
				CODE_SIGN_ENTITLEMENTS = DreamDrawer/DreamDrawer.entitlements;
				CODE_SIGN_STYLE = Automatic;
				CURRENT_PROJECT_VERSION = 1;
				DEVELOPMENT_ASSET_PATHS = "DreamDrawer/Preview\\ Content";
				DEVELOPMENT_TEAM = R62GDH89L9;
				EMBED_ASSET_PACKS_IN_PRODUCT_BUNDLE = YES;
				ENABLE_HARDENED_RUNTIME = YES;
				ENABLE_PREVIEWS = YES;
				GENERATE_INFOPLIST_FILE = YES;
				INFOPLIST_FILE = DreamDrawer/Info.plist;
				"INFOPLIST_KEY_UIApplicationSceneManifest_Generation[sdk=iphoneos*]" = YES;
				"INFOPLIST_KEY_UIApplicationSceneManifest_Generation[sdk=iphonesimulator*]" = YES;
				"INFOPLIST_KEY_UIApplicationSupportsIndirectInputEvents[sdk=iphoneos*]" = YES;
				"INFOPLIST_KEY_UIApplicationSupportsIndirectInputEvents[sdk=iphonesimulator*]" = YES;
				"INFOPLIST_KEY_UILaunchScreen_Generation[sdk=iphoneos*]" = YES;
				"INFOPLIST_KEY_UILaunchScreen_Generation[sdk=iphonesimulator*]" = YES;
				"INFOPLIST_KEY_UIStatusBarStyle[sdk=iphoneos*]" = UIStatusBarStyleDefault;
				"INFOPLIST_KEY_UIStatusBarStyle[sdk=iphonesimulator*]" = UIStatusBarStyleDefault;
				INFOPLIST_KEY_UISupportedInterfaceOrientations_iPad = "UIInterfaceOrientationPortrait UIInterfaceOrientationPortraitUpsideDown UIInterfaceOrientationLandscapeLeft UIInterfaceOrientationLandscapeRight";
				INFOPLIST_KEY_UISupportedInterfaceOrientations_iPhone = "UIInterfaceOrientationPortrait UIInterfaceOrientationLandscapeLeft UIInterfaceOrientationLandscapeRight";
				IPHONEOS_DEPLOYMENT_TARGET = 17.4;
				LD_RUNPATH_SEARCH_PATHS = "@executable_path/Frameworks";
				"LD_RUNPATH_SEARCH_PATHS[sdk=macosx*]" = "@executable_path/../Frameworks";
				MACOSX_DEPLOYMENT_TARGET = 14.1;
				MARKETING_VERSION = 1.0;
				PRODUCT_BUNDLE_IDENTIFIER = io.freestockimages;
				PRODUCT_NAME = "$(TARGET_NAME)";
				SDKROOT = auto;
				SUPPORTED_PLATFORMS = "iphoneos iphonesimulator macosx";
				SWIFT_EMIT_LOC_STRINGS = YES;
				SWIFT_VERSION = 5.0;
				TARGETED_DEVICE_FAMILY = "1,2";
			};
			name = Debug;
		};
		4FF77F762BAEBD130023BF14 /* Release */ = {
			isa = XCBuildConfiguration;
			buildSettings = {
				ASSETCATALOG_COMPILER_APPICON_NAME = AppIcon;
				ASSETCATALOG_COMPILER_GLOBAL_ACCENT_COLOR_NAME = AccentColor;
				CODE_SIGN_ENTITLEMENTS = DreamDrawer/DreamDrawer.entitlements;
				CODE_SIGN_STYLE = Automatic;
				CURRENT_PROJECT_VERSION = 1;
				DEVELOPMENT_ASSET_PATHS = "DreamDrawer/Preview\\ Content";
				DEVELOPMENT_TEAM = R62GDH89L9;
				EMBED_ASSET_PACKS_IN_PRODUCT_BUNDLE = YES;
				ENABLE_HARDENED_RUNTIME = YES;
				ENABLE_PREVIEWS = YES;
				GENERATE_INFOPLIST_FILE = YES;
				INFOPLIST_FILE = DreamDrawer/Info.plist;
				"INFOPLIST_KEY_UIApplicationSceneManifest_Generation[sdk=iphoneos*]" = YES;
				"INFOPLIST_KEY_UIApplicationSceneManifest_Generation[sdk=iphonesimulator*]" = YES;
				"INFOPLIST_KEY_UIApplicationSupportsIndirectInputEvents[sdk=iphoneos*]" = YES;
				"INFOPLIST_KEY_UIApplicationSupportsIndirectInputEvents[sdk=iphonesimulator*]" = YES;
				"INFOPLIST_KEY_UILaunchScreen_Generation[sdk=iphoneos*]" = YES;
				"INFOPLIST_KEY_UILaunchScreen_Generation[sdk=iphonesimulator*]" = YES;
				"INFOPLIST_KEY_UIStatusBarStyle[sdk=iphoneos*]" = UIStatusBarStyleDefault;
				"INFOPLIST_KEY_UIStatusBarStyle[sdk=iphonesimulator*]" = UIStatusBarStyleDefault;
				INFOPLIST_KEY_UISupportedInterfaceOrientations_iPad = "UIInterfaceOrientationPortrait UIInterfaceOrientationPortraitUpsideDown UIInterfaceOrientationLandscapeLeft UIInterfaceOrientationLandscapeRight";
				INFOPLIST_KEY_UISupportedInterfaceOrientations_iPhone = "UIInterfaceOrientationPortrait UIInterfaceOrientationLandscapeLeft UIInterfaceOrientationLandscapeRight";
				IPHONEOS_DEPLOYMENT_TARGET = 17.4;
				LD_RUNPATH_SEARCH_PATHS = "@executable_path/Frameworks";
				"LD_RUNPATH_SEARCH_PATHS[sdk=macosx*]" = "@executable_path/../Frameworks";
				MACOSX_DEPLOYMENT_TARGET = 14.1;
				MARKETING_VERSION = 1.0;
				ONLY_ACTIVE_ARCH = YES;
				PRODUCT_BUNDLE_IDENTIFIER = io.freestockimages;
				PRODUCT_NAME = "$(TARGET_NAME)";
				SDKROOT = auto;
				SUPPORTED_PLATFORMS = "iphoneos iphonesimulator macosx";
				SWIFT_EMIT_LOC_STRINGS = YES;
				SWIFT_VERSION = 5.0;
				TARGETED_DEVICE_FAMILY = "1,2";
			};
			name = Release;
		};
/* End XCBuildConfiguration section */

/* Begin XCConfigurationList section */
		4FF77F602BAEBD120023BF14 /* Build configuration list for PBXProject "DreamDrawer" */ = {
			isa = XCConfigurationList;
			buildConfigurations = (
				4FF77F722BAEBD130023BF14 /* Debug */,
				4FF77F732BAEBD130023BF14 /* Release */,
			);
			defaultConfigurationIsVisible = 0;
			defaultConfigurationName = Release;
		};
		4FF77F742BAEBD130023BF14 /* Build configuration list for PBXNativeTarget "DreamDrawer" */ = {
			isa = XCConfigurationList;
			buildConfigurations = (
				4FF77F752BAEBD130023BF14 /* Debug */,
				4FF77F762BAEBD130023BF14 /* Release */,
			);
			defaultConfigurationIsVisible = 0;
			defaultConfigurationName = Release;
		};
/* End XCConfigurationList section */

/* Begin XCRemoteSwiftPackageReference section */
		4F0FE9552BC278C600884D34 /* XCRemoteSwiftPackageReference "mobile-sd" */ = {
			isa = XCRemoteSwiftPackageReference;
			repositoryURL = "https://github.com/davidw0311/mobile-sd.git";
			requirement = {
				kind = revision;
				revision = 9a9d83d57df96bf7bbd4a032dc5bd95fb4e0e3a1;
			};
		};
/* End XCRemoteSwiftPackageReference section */

/* Begin XCSwiftPackageProductDependency section */
		4F0FE9562BC278C600884D34 /* StableDiffusion */ = {
			isa = XCSwiftPackageProductDependency;
			package = 4F0FE9552BC278C600884D34 /* XCRemoteSwiftPackageReference "mobile-sd" */;
			productName = StableDiffusion;
		};
		53BCDA722BCE1F7700F1CF78 /* StableDiffusion */ = {
			isa = XCSwiftPackageProductDependency;
			package = 4F0FE9552BC278C600884D34 /* XCRemoteSwiftPackageReference "mobile-sd" */;
			productName = StableDiffusion;
		};
/* End XCSwiftPackageProductDependency section */
	};
	rootObject = 4FF77F5D2BAEBD120023BF14 /* Project object */;
}
